
Microsoft Visual Studio Solution File, Format Version 12.00
# Visual Studio Version 17
VisualStudioVersion = 17.7.34031.279
MinimumVisualStudioVersion = 10.0.40219.1
Project("{8BC9CEB8-8B4A-11D0-8D11-00A0C91BC942}") = "038_pointer", "038_pointer\038_pointer.vcxproj", "{37758341-E6A6-473F-8D30-2CDD6F85A67A}"
EndProject
Project("{8BC9CEB8-8B4A-11D0-8D11-00A0C91BC942}") = "039_pointerNArray", "039_pointerNArray\039_pointerNArray.vcxproj", "{7E3CA89A-D3A9-41BF-B67C-023719CEC1E0}"
EndProject
Project("{8BC9CEB8-8B4A-11D0-8D11-00A0C91BC942}") = "040_arrayPointer", "040_arrayPointer\040_arrayPointer.vcxproj", "{C7729499-E8AA-4E01-AA1D-CBB78F989A48}"
EndProject
Project("{8BC9CEB8-8B4A-11D0-8D11-00A0C91BC942}") = "041_2DarrayPointer", "041_2DarrayPointer\041_2DarrayPointer.vcxproj", "{26C3F158-1C6D-4AB7-8EBF-D5C3E206BE40}"
EndProject
Project("{8BC9CEB8-8B4A-11D0-8D11-00A0C91BC942}") = "042_PointerArray", "042_PointerArray\042_PointerArray.vcxproj", "{5364CBDD-637E-47CF-93F5-C61812161599}"
EndProject
Project("{8BC9CEB8-8B4A-11D0-8D11-00A0C91BC942}") = "043_2DstringArray", "043_2DstringArray\043_2DstringArray.vcxproj", "{72EE6C14-18E1-4D52-9478-F8B1271D5EC8}"
EndProject
Global
	GlobalSection(SolutionConfigurationPlatforms) = preSolution
		Debug|x64 = Debug|x64
		Debug|x86 = Debug|x86
		Release|x64 = Release|x64
		Release|x86 = Release|x86
	EndGlobalSection
	GlobalSection(ProjectConfigurationPlatforms) = postSolution
		{37758341-E6A6-473F-8D30-2CDD6F85A67A}.Debug|x64.ActiveCfg = Debug|x64
		{37758341-E6A6-473F-8D30-2CDD6F85A67A}.Debug|x64.Build.0 = Debug|x64
		{37758341-E6A6-473F-8D30-2CDD6F85A67A}.Debug|x86.ActiveCfg = Debug|Win32
		{37758341-E6A6-473F-8D30-2CDD6F85A67A}.Debug|x86.Build.0 = Debug|Win32
		{37758341-E6A6-473F-8D30-2CDD6F85A67A}.Release|x64.ActiveCfg = Release|x64
		{37758341-E6A6-473F-8D30-2CDD6F85A67A}.Release|x64.Build.0 = Release|x64
		{37758341-E6A6-473F-8D30-2CDD6F85A67A}.Release|x86.ActiveCfg = Release|Win32
		{37758341-E6A6-473F-8D30-2CDD6F85A67A}.Release|x86.Build.0 = Release|Win32
		{7E3CA89A-D3A9-41BF-B67C-023719CEC1E0}.Debug|x64.ActiveCfg = Debug|x64
		{7E3CA89A-D3A9-41BF-B67C-023719CEC1E0}.Debug|x64.Build.0 = Debug|x64
		{7E3CA89A-D3A9-41BF-B67C-023719CEC1E0}.Debug|x86.ActiveCfg = Debug|Win32
		{7E3CA89A-D3A9-41BF-B67C-023719CEC1E0}.Debug|x86.Build.0 = Debug|Win32
		{7E3CA89A-D3A9-41BF-B67C-023719CEC1E0}.Release|x64.ActiveCfg = Release|x64
		{7E3CA89A-D3A9-41BF-B67C-023719CEC1E0}.Release|x64.Build.0 = Release|x64
		{7E3CA89A-D3A9-41BF-B67C-023719CEC1E0}.Release|x86.ActiveCfg = Release|Win32
		{7E3CA89A-D3A9-41BF-B67C-023719CEC1E0}.Release|x86.Build.0 = Release|Win32
		{C7729499-E8AA-4E01-AA1D-CBB78F989A48}.Debug|x64.ActiveCfg = Debug|x64
		{C7729499-E8AA-4E01-AA1D-CBB78F989A48}.Debug|x64.Build.0 = Debug|x64
		{C7729499-E8AA-4E01-AA1D-CBB78F989A48}.Debug|x86.ActiveCfg = Debug|Win32
		{C7729499-E8AA-4E01-AA1D-CBB78F989A48}.Debug|x86.Build.0 = Debug|Win32
		{C7729499-E8AA-4E01-AA1D-CBB78F989A48}.Release|x64.ActiveCfg = Release|x64
		{C7729499-E8AA-4E01-AA1D-CBB78F989A48}.Release|x64.Build.0 = Release|x64
		{C7729499-E8AA-4E01-AA1D-CBB78F989A48}.Release|x86.ActiveCfg = Release|Win32
		{C7729499-E8AA-4E01-AA1D-CBB78F989A48}.Release|x86.Build.0 = Release|Win32
		{26C3F158-1C6D-4AB7-8EBF-D5C3E206BE40}.Debug|x64.ActiveCfg = Debug|x64
		{26C3F158-1C6D-4AB7-8EBF-D5C3E206BE40}.Debug|x64.Build.0 = Debug|x64
		{26C3F158-1C6D-4AB7-8EBF-D5C3E206BE40}.Debug|x86.ActiveCfg = Debug|Win32
		{26C3F158-1C6D-4AB7-8EBF-D5C3E206BE40}.Debug|x86.Build.0 = Debug|Win32
		{26C3F158-1C6D-4AB7-8EBF-D5C3E206BE40}.Release|x64.ActiveCfg = Release|x64
		{26C3F158-1C6D-4AB7-8EBF-D5C3E206BE40}.Release|x64.Build.0 = Release|x64
		{26C3F158-1C6D-4AB7-8EBF-D5C3E206BE40}.Release|x86.ActiveCfg = Release|Win32
		{26C3F158-1C6D-4AB7-8EBF-D5C3E206BE40}.Release|x86.Build.0 = Release|Win32
		{5364CBDD-637E-47CF-93F5-C61812161599}.Debug|x64.ActiveCfg = Debug|x64
		{5364CBDD-637E-47CF-93F5-C61812161599}.Debug|x64.Build.0 = Debug|x64
		{5364CBDD-637E-47CF-93F5-C61812161599}.Debug|x86.ActiveCfg = Debug|Win32
		{5364CBDD-637E-47CF-93F5-C61812161599}.Debug|x86.Build.0 = Debug|Win32
		{5364CBDD-637E-47CF-93F5-C61812161599}.Release|x64.ActiveCfg = Release|x64
		{5364CBDD-637E-47CF-93F5-C61812161599}.Release|x64.Build.0 = Release|x64
		{5364CBDD-637E-47CF-93F5-C61812161599}.Release|x86.ActiveCfg = Release|Win32
		{5364CBDD-637E-47CF-93F5-C61812161599}.Release|x86.Build.0 = Release|Win32
		{72EE6C14-18E1-4D52-9478-F8B1271D5EC8}.Debug|x64.ActiveCfg = Debug|x64
		{72EE6C14-18E1-4D52-9478-F8B1271D5EC8}.Debug|x64.Build.0 = Debug|x64
		{72EE6C14-18E1-4D52-9478-F8B1271D5EC8}.Debug|x86.ActiveCfg = Debug|Win32
		{72EE6C14-18E1-4D52-9478-F8B1271D5EC8}.Debug|x86.Build.0 = Debug|Win32
		{72EE6C14-18E1-4D52-9478-F8B1271D5EC8}.Release|x64.ActiveCfg = Release|x64
		{72EE6C14-18E1-4D52-9478-F8B1271D5EC8}.Release|x64.Build.0 = Release|x64
		{72EE6C14-18E1-4D52-9478-F8B1271D5EC8}.Release|x86.ActiveCfg = Release|Win32
		{72EE6C14-18E1-4D52-9478-F8B1271D5EC8}.Release|x86.Build.0 = Release|Win32
	EndGlobalSection
	GlobalSection(SolutionProperties) = preSolution
		HideSolutionNode = FALSE
	EndGlobalSection
	GlobalSection(ExtensibilityGlobals) = postSolution
		SolutionGuid = {31BDD4D2-704A-4936-9F14-8656079EB458}
	EndGlobalSection
EndGlobal
